
Microsoft Visual Studio Solution File, Format Version 12.00
# Visual Studio Version 16
VisualStudioVersion = 16.0.29009.5
MinimumVisualStudioVersion = 10.0.40219.1
Project("{FAE04EC0-301F-11D3-BF4B-00C04F79EFBC}") = "SharpTamagochi", "SharpTamagochi.csproj", "{9EE81429-4643-4627-82B0-36EA7C99F5DB}"
EndProject
Global
	GlobalSection(SolutionConfigurationPlatforms) = preSolution
		Debug|Any CPU = Debug|Any CPU
		Release|Any CPU = Release|Any CPU
	EndGlobalSection
	GlobalSection(ProjectConfigurationPlatforms) = postSolution
		{9EE81429-4643-4627-82B0-36EA7C99F5DB}.Debug|Any CPU.ActiveCfg = Debug|Any CPU
		{9EE81429-4643-4627-82B0-36EA7C99F5DB}.Debug|Any CPU.Build.0 = Debug|Any CPU
		{9EE81429-4643-4627-82B0-36EA7C99F5DB}.Release|Any CPU.ActiveCfg = Release|Any CPU
		{9EE81429-4643-4627-82B0-36EA7C99F5DB}.Release|Any CPU.Build.0 = Release|Any CPU
	EndGlobalSection
	GlobalSection(SolutionProperties) = preSolution
		HideSolutionNode = FALSE
	EndGlobalSection
	GlobalSection(ExtensibilityGlobals) = postSolution
		SolutionGuid = {30AC7971-6603-4107-85B8-43C9665AD943}
	EndGlobalSection
EndGlobal
